{
  "version": 4,
  "terraform_version": "0.14.9",
  "serial": 7,
  "lineage": "e8992f16-2929-32b7-b323-533314675359",
  "outputs": {},
  "resources": [
    {
      "mode": "managed",
      "type": "zoom_resource",
      "name": "tp",
      "provider": "provider[\"zoom.com/temp/zoom\"]",
      "instances": [
        {
          "schema_version": 0,
          "attributes": {
            "email": "amanborkar17@cse.iiitp.ac.in",
            "first_name": "Aman",
            "id": "amanborkar17@cse.iiitp.ac.in",
            "last_name": "Borkar",
            "status": null,
            "type": 1
          },
          "sensitive_attributes": [],
          "private": "bnVsbA=="
        }
      ]
    }
  ]
}
