{
  "version": 4,
  "terraform_version": "0.14.9",
  "serial": 7,
  "lineage": "7dabfedd-ae39-f12a-bdeb-83a6b1c2539b",
  "outputs": {
    "TMKOC": {
      "value": {
        "email": "amanborkar12345@gmail.com",
        "first_name": "Aman",
        "id": "amanborkar12345@gmail.com",
        "last_name": "VIPBoss",
        "type": 1
      },
      "type": [
        "object",
        {
          "email": "string",
          "first_name": "string",
          "id": "string",
          "last_name": "string",
          "type": "number"
        }
      ]
    }
  },
  "resources": [
    {
      "mode": "managed",
      "type": "zoom_resource",
      "name": "tx",
      "provider": "provider[\"zoom.com/temp/zoom\"]",
      "instances": [
        {
          "schema_version": 0,
          "attributes": {
            "email": "amanborkar12345@gmail.com",
            "first_name": "Aman",
            "id": "amanborkar12345@gmail.com",
            "last_name": "VIPBoss",
            "type": 1
          },
          "sensitive_attributes": [],
          "private": "bnVsbA=="
        }
      ]
    }
  ]
}
